// !$*UTF8*$!
{
	archiveVersion = 1;
	classes = {
	};
	objectVersion = 50;
	objects = {

/* Begin PBXBuildFile section */
		7329BA712590FF7100C782B7 /* AppDelegate.swift in Sources */ = {isa = PBXBuildFile; fileRef = 7329BA702590FF7100C782B7 /* AppDelegate.swift */; };
		7329BA732590FF7100C782B7 /* SceneDelegate.swift in Sources */ = {isa = PBXBuildFile; fileRef = 7329BA722590FF7100C782B7 /* SceneDelegate.swift */; };
		7329BA752590FF7100C782B7 /* ViewController.swift in Sources */ = {isa = PBXBuildFile; fileRef = 7329BA742590FF7100C782B7 /* ViewController.swift */; };
		7329BA782590FF7100C782B7 /* Main.storyboard in Resources */ = {isa = PBXBuildFile; fileRef = 7329BA762590FF7100C782B7 /* Main.storyboard */; };
		7329BA7B2590FF7100C782B7 /* Magic8Ball.xcdatamodeld in Sources */ = {isa = PBXBuildFile; fileRef = 7329BA792590FF7100C782B7 /* Magic8Ball.xcdatamodeld */; };
		7329BA7D2590FF7200C782B7 /* Assets.xcassets in Resources */ = {isa = PBXBuildFile; fileRef = 7329BA7C2590FF7200C782B7 /* Assets.xcassets */; };
		7329BA802590FF7200C782B7 /* LaunchScreen.storyboard in Resources */ = {isa = PBXBuildFile; fileRef = 7329BA7E2590FF7200C782B7 /* LaunchScreen.storyboard */; };
		7369BE592591EA5A0067A366 /* 8ballSound.wav in Resources */ = {isa = PBXBuildFile; fileRef = 7369BE582591EA5A0067A366 /* 8ballSound.wav */; };
/* End PBXBuildFile section */

/* Begin PBXFileReference section */
		7329BA6D2590FF7100C782B7 /* Magic8Ball.app */ = {isa = PBXFileReference; explicitFileType = wrapper.application; includeInIndex = 0; path = Magic8Ball.app; sourceTree = BUILT_PRODUCTS_DIR; };
		7329BA702590FF7100C782B7 /* AppDelegate.swift */ = {isa = PBXFileReference; lastKnownFileType = sourcecode.swift; path = AppDelegate.swift; sourceTree = "<group>"; };
		7329BA722590FF7100C782B7 /* SceneDelegate.swift */ = {isa = PBXFileReference; lastKnownFileType = sourcecode.swift; path = SceneDelegate.swift; sourceTree = "<group>"; };
		7329BA742590FF7100C782B7 /* ViewController.swift */ = {isa = PBXFileReference; lastKnownFileType = sourcecode.swift; path = ViewController.swift; sourceTree = "<group>"; };
		7329BA772590FF7100C782B7 /* Base */ = {isa = PBXFileReference; lastKnownFileType = file.storyboard; name = Base; path = Base.lproj/Main.storyboard; sourceTree = "<group>"; };
		7329BA7A2590FF7100C782B7 /* Magic8Ball.xcdatamodel */ = {isa = PBXFileReference; lastKnownFileType = wrapper.xcdatamodel; path = Magic8Ball.xcdatamodel; sourceTree = "<group>"; };
		7329BA7C2590FF7200C782B7 /* Assets.xcassets */ = {isa = PBXFileReference; lastKnownFileType = folder.assetcatalog; path = Assets.xcassets; sourceTree = "<group>"; };
		7329BA7F2590FF7200C782B7 /* Base */ = {isa = PBXFileReference; lastKnownFileType = file.storyboard; name = Base; path = Base.lproj/LaunchScreen.storyboard; sourceTree = "<group>"; };
		7329BA812590FF7200C782B7 /* Info.plist */ = {isa = PBXFileReference; lastKnownFileType = text.plist.xml; path = Info.plist; sourceTree = "<group>"; };
		7369BE582591EA5A0067A366 /* 8ballSound.wav */ = {isa = PBXFileReference; lastKnownFileType = audio.wav; path = 8ballSound.wav; sourceTree = "<group>"; };
/* End PBXFileReference section */

/* Begin PBXFrameworksBuildPhase section */
		7329BA6A2590FF7100C782B7 /* Frameworks */ = {
			isa = PBXFrameworksBuildPhase;
			buildActionMask = 2147483647;
			files = (
			);
			runOnlyForDeploymentPostprocessing = 0;
		};
/* End PBXFrameworksBuildPhase section */

/* Begin PBXGroup section */
		7329BA642590FF7100C782B7 = {
			isa = PBXGroup;
			children = (
				7329BA6F2590FF7100C782B7 /* Magic8Ball */,
				7329BA6E2590FF7100C782B7 /* Products */,
			);
			sourceTree = "<group>";
		};
		7329BA6E2590FF7100C782B7 /* Products */ = {
			isa = PBXGroup;
			children = (
				7329BA6D2590FF7100C782B7 /* Magic8Ball.app */,
			);
			name = Products;
			sourceTree = "<group>";
		};
		7329BA6F2590FF7100C782B7 /* Magic8Ball */ = {
			isa = PBXGroup;
			children = (
				7369BE572591EA4C0067A366 /* Sound */,
				7369BE562591EA420067A366 /* ViewControllers */,
				7329BA702590FF7100C782B7 /* AppDelegate.swift */,
				7329BA722590FF7100C782B7 /* SceneDelegate.swift */,
				7329BA762590FF7100C782B7 /* Main.storyboard */,
				7329BA7C2590FF7200C782B7 /* Assets.xcassets */,
				7329BA7E2590FF7200C782B7 /* LaunchScreen.storyboard */,
				7329BA812590FF7200C782B7 /* Info.plist */,
				7329BA792590FF7100C782B7 /* Magic8Ball.xcdatamodeld */,
			);
			path = Magic8Ball;
			sourceTree = "<group>";
		};
		7369BE562591EA420067A366 /* ViewControllers */ = {
			isa = PBXGroup;
			children = (
				7329BA742590FF7100C782B7 /* ViewController.swift */,
			);
			path = ViewControllers;
			sourceTree = "<group>";
		};
		7369BE572591EA4C0067A366 /* Sound */ = {
			isa = PBXGroup;
			children = (
				7369BE582591EA5A0067A366 /* 8ballSound.wav */,
			);
			path = Sound;
			sourceTree = "<group>";
		};
/* End PBXGroup section */

/* Begin PBXNativeTarget section */
		7329BA6C2590FF7100C782B7 /* Magic8Ball */ = {
			isa = PBXNativeTarget;
			buildConfigurationList = 7329BA842590FF7200C782B7 /* Build configuration list for PBXNativeTarget "Magic8Ball" */;
			buildPhases = (
				7329BA692590FF7100C782B7 /* Sources */,
				7329BA6A2590FF7100C782B7 /* Frameworks */,
				7329BA6B2590FF7100C782B7 /* Resources */,
			);
			buildRules = (
			);
			dependencies = (
			);
			name = Magic8Ball;
			productName = Magic8Ball;
			productReference = 7329BA6D2590FF7100C782B7 /* Magic8Ball.app */;
			productType = "com.apple.product-type.application";
		};
/* End PBXNativeTarget section */

/* Begin PBXProject section */
		7329BA652590FF7100C782B7 /* Project object */ = {
			isa = PBXProject;
			attributes = {
				LastSwiftUpdateCheck = 1210;
				LastUpgradeCheck = 1210;
				TargetAttributes = {
					7329BA6C2590FF7100C782B7 = {
						CreatedOnToolsVersion = 12.1;
					};
				};
			};
			buildConfigurationList = 7329BA682590FF7100C782B7 /* Build configuration list for PBXProject "Magic8Ball" */;
			compatibilityVersion = "Xcode 9.3";
			developmentRegion = en;
			hasScannedForEncodings = 0;
			knownRegions = (
				en,
				Base,
			);
			mainGroup = 7329BA642590FF7100C782B7;
			productRefGroup = 7329BA6E2590FF7100C782B7 /* Products */;
			projectDirPath = "";
			projectRoot = "";
			targets = (
				7329BA6C2590FF7100C782B7 /* Magic8Ball */,
			);
		};
/* End PBXProject section */

/* Begin PBXResourcesBuildPhase section */
		7329BA6B2590FF7100C782B7 /* Resources */ = {
			isa = PBXResourcesBuildPhase;
			buildActionMask = 2147483647;
			files = (
				7329BA802590FF7200C782B7 /* LaunchScreen.storyboard in Resources */,
				7329BA7D2590FF7200C782B7 /* Assets.xcassets in Resources */,
				7369BE592591EA5A0067A366 /* 8ballSound.wav in Resources */,
				7329BA782590FF7100C782B7 /* Main.storyboard in Resources */,
			);
			runOnlyForDeploymentPostprocessing = 0;
		};
/* End PBXResourcesBuildPhase section */

/* Begin PBXSourcesBuildPhase section */
		7329BA692590FF7100C782B7 /* Sources */ = {
			isa = PBXSourcesBuildPhase;
			buildActionMask = 2147483647;
			files = (
				7329BA752590FF7100C782B7 /* ViewController.swift in Sources */,
				7329BA712590FF7100C782B7 /* AppDelegate.swift in Sources */,
				7329BA732590FF7100C782B7 /* SceneDelegate.swift in Sources */,
				7329BA7B2590FF7100C782B7 /* Magic8Ball.xcdatamodeld in Sources */,
			);
			runOnlyForDeploymentPostprocessing = 0;
		};
/* End PBXSourcesBuildPhase section */

/* Begin PBXVariantGroup section */
		7329BA762590FF7100C782B7 /* Main.storyboard */ = {
			isa = PBXVariantGroup;
			children = (
				7329BA772590FF7100C782B7 /* Base */,
			);
			name = Main.storyboard;
			sourceTree = "<group>";
		};
		7329BA7E2590FF7200C782B7 /* LaunchScreen.storyboard */ = {
			isa = PBXVariantGroup;
			children = (
				7329BA7F2590FF7200C782B7 /* Base */,
			);
			name = LaunchScreen.storyboard;
			sourceTree = "<group>";
		};
/* End PBXVariantGroup section */

/* Begin XCBuildConfiguration section */
		7329BA822590FF7200C782B7 /* Debug */ = {
			isa = XCBuildConfiguration;
			buildSettings = {
				ALWAYS_SEARCH_USER_PATHS = NO;
				CLANG_ANALYZER_NONNULL = YES;
				CLANG_ANALYZER_NUMBER_OBJECT_CONVERSION = YES_AGGRESSIVE;
				CLANG_CXX_LANGUAGE_STANDARD = "gnu++14";
				CLANG_CXX_LIBRARY = "libc++";
				CLANG_ENABLE_MODULES = YES;
				CLANG_ENABLE_OBJC_ARC = YES;
				CLANG_ENABLE_OBJC_WEAK = YES;
				CLANG_WARN_BLOCK_CAPTURE_AUTORELEASING = YES;
				CLANG_WARN_BOOL_CONVERSION = YES;
				CLANG_WARN_COMMA = YES;
				CLANG_WARN_CONSTANT_CONVERSION = YES;
				CLANG_WARN_DEPRECATED_OBJC_IMPLEMENTATIONS = YES;
				CLANG_WARN_DIRECT_OBJC_ISA_USAGE = YES_ERROR;
				CLANG_WARN_DOCUMENTATION_COMMENTS = YES;
				CLANG_WARN_EMPTY_BODY = YES;
				CLANG_WARN_ENUM_CONVERSION = YES;
				CLANG_WARN_INFINITE_RECURSION = YES;
				CLANG_WARN_INT_CONVERSION = YES;
				CLANG_WARN_NON_LITERAL_NULL_CONVERSION = YES;
				CLANG_WARN_OBJC_IMPLICIT_RETAIN_SELF = YES;
				CLANG_WARN_OBJC_LITERAL_CONVERSION = YES;
				CLANG_WARN_OBJC_ROOT_CLASS = YES_ERROR;
				CLANG_WARN_QUOTED_INCLUDE_IN_FRAMEWORK_HEADER = YES;
				CLANG_WARN_RANGE_LOOP_ANALYSIS = YES;
				CLANG_WARN_STRICT_PROTOTYPES = YES;
				CLANG_WARN_SUSPICIOUS_MOVE = YES;
				CLANG_WARN_UNGUARDED_AVAILABILITY = YES_AGGRESSIVE;
				CLANG_WARN_UNREACHABLE_CODE = YES;
				CLANG_WARN__DUPLICATE_METHOD_MATCH = YES;
				COPY_PHASE_STRIP = NO;
				DEBUG_INFORMATION_FORMAT = dwarf;
				ENABLE_STRICT_OBJC_MSGSEND = YES;
				ENABLE_TESTABILITY = YES;
				GCC_C_LANGUAGE_STANDARD = gnu11;
				GCC_DYNAMIC_NO_PIC = NO;
				GCC_NO_COMMON_BLOCKS = YES;
				GCC_OPTIMIZATION_LEVEL = 0;
				GCC_PREPROCESSOR_DEFINITIONS = (
					"DEBUG=1",
					"$(inherited)",
				);
				GCC_WARN_64_TO_32_BIT_CONVERSION = YES;
				GCC_WARN_ABOUT_RETURN_TYPE = YES_ERROR;
				GCC_WARN_UNDECLARED_SELECTOR = YES;
				GCC_WARN_UNINITIALIZED_AUTOS = YES_AGGRESSIVE;
				GCC_WARN_UNUSED_FUNCTION = YES;
				GCC_WARN_UNUSED_VARIABLE = YES;
				IPHONEOS_DEPLOYMENT_TARGET = 14.1;
				MTL_ENABLE_DEBUG_INFO = INCLUDE_SOURCE;
				MTL_FAST_MATH = YES;
				ONLY_ACTIVE_ARCH = YES;
				SDKROOT = iphoneos;
				SWIFT_ACTIVE_COMPILATION_CONDITIONS = DEBUG;
				SWIFT_OPTIMIZATION_LEVEL = "-Onone";
			};
			name = Debug;
		};
		7329BA832590FF7200C782B7 /* Release */ = {
			isa = XCBuildConfiguration;
			buildSettings = {
				ALWAYS_SEARCH_USER_PATHS = NO;
				CLANG_ANALYZER_NONNULL = YES;
				CLANG_ANALYZER_NUMBER_OBJECT_CONVERSION = YES_AGGRESSIVE;
				CLANG_CXX_LANGUAGE_STANDARD = "gnu++14";
				CLANG_CXX_LIBRARY = "libc++";
				CLANG_ENABLE_MODULES = YES;
				CLANG_ENABLE_OBJC_ARC = YES;
				CLANG_ENABLE_OBJC_WEAK = YES;
				CLANG_WARN_BLOCK_CAPTURE_AUTORELEASING = YES;
				CLANG_WARN_BOOL_CONVERSION = YES;
				CLANG_WARN_COMMA = YES;
				CLANG_WARN_CONSTANT_CONVERSION = YES;
				CLANG_WARN_DEPRECATED_OBJC_IMPLEMENTATIONS = YES;
				CLANG_WARN_DIRECT_OBJC_ISA_USAGE = YES_ERROR;
				CLANG_WARN_DOCUMENTATION_COMMENTS = YES;
				CLANG_WARN_EMPTY_BODY = YES;
				CLANG_WARN_ENUM_CONVERSION = YES;
				CLANG_WARN_INFINITE_RECURSION = YES;
				CLANG_WARN_INT_CONVERSION = YES;
				CLANG_WARN_NON_LITERAL_NULL_CONVERSION = YES;
				CLANG_WARN_OBJC_IMPLICIT_RETAIN_SELF = YES;
				CLANG_WARN_OBJC_LITERAL_CONVERSION = YES;
				CLANG_WARN_OBJC_ROOT_CLASS = YES_ERROR;
				CLANG_WARN_QUOTED_INCLUDE_IN_FRAMEWORK_HEADER = YES;
				CLANG_WARN_RANGE_LOOP_ANALYSIS = YES;
				CLANG_WARN_STRICT_PROTOTYPES = YES;
				CLANG_WARN_SUSPICIOUS_MOVE = YES;
				CLANG_WARN_UNGUARDED_AVAILABILITY = YES_AGGRESSIVE;
				CLANG_WARN_UNREACHABLE_CODE = YES;
				CLANG_WARN__DUPLICATE_METHOD_MATCH = YES;
				COPY_PHASE_STRIP = NO;
				DEBUG_INFORMATION_FORMAT = "dwarf-with-dsym";
				ENABLE_NS_ASSERTIONS = NO;
				ENABLE_STRICT_OBJC_MSGSEND = YES;
				GCC_C_LANGUAGE_STANDARD = gnu11;
				GCC_NO_COMMON_BLOCKS = YES;
				GCC_WARN_64_TO_32_BIT_CONVERSION = YES;
				GCC_WARN_ABOUT_RETURN_TYPE = YES_ERROR;
				GCC_WARN_UNDECLARED_SELECTOR = YES;
				GCC_WARN_UNINITIALIZED_AUTOS = YES_AGGRESSIVE;
				GCC_WARN_UNUSED_FUNCTION = YES;
				GCC_WARN_UNUSED_VARIABLE = YES;
				IPHONEOS_DEPLOYMENT_TARGET = 14.1;
				MTL_ENABLE_DEBUG_INFO = NO;
				MTL_FAST_MATH = YES;
				SDKROOT = iphoneos;
				SWIFT_COMPILATION_MODE = wholemodule;
				SWIFT_OPTIMIZATION_LEVEL = "-O";
				VALIDATE_PRODUCT = YES;
			};
			name = Release;
		};
		7329BA852590FF7200C782B7 /* Debug */ = {
			isa = XCBuildConfiguration;
			buildSettings = {
				ASSETCATALOG_COMPILER_APPICON_NAME = AppIcon;
				ASSETCATALOG_COMPILER_GLOBAL_ACCENT_COLOR_NAME = AccentColor;
				CODE_SIGN_IDENTITY = "Apple Development";
				CODE_SIGN_STYLE = Automatic;
				DEVELOPMENT_TEAM = GX4395UWKU;
				INFOPLIST_FILE = Magic8Ball/Info.plist;
				IPHONEOS_DEPLOYMENT_TARGET = 13.0;
				LD_RUNPATH_SEARCH_PATHS = (
					"$(inherited)",
					"@executable_path/Frameworks",
				);
				PRODUCT_BUNDLE_IDENTIFIER = com.risinggalaxy.Magic8Ball;
				PRODUCT_NAME = "$(TARGET_NAME)";
				PROVISIONING_PROFILE_SPECIFIER = "";
				SWIFT_VERSION = 5.0;
				TARGETED_DEVICE_FAMILY = "1,2";
			};
			name = Debug;
		};
		7329BA862590FF7200C782B7 /* Release */ = {
			isa = XCBuildConfiguration;
			buildSettings = {
				ASSETCATALOG_COMPILER_APPICON_NAME = AppIcon;
				ASSETCATALOG_COMPILER_GLOBAL_ACCENT_COLOR_NAME = AccentColor;
				CODE_SIGN_IDENTITY = "Apple Development";
				CODE_SIGN_STYLE = Automatic;
				DEVELOPMENT_TEAM = GX4395UWKU;
				INFOPLIST_FILE = Magic8Ball/Info.plist;
				IPHONEOS_DEPLOYMENT_TARGET = 13.0;
				LD_RUNPATH_SEARCH_PATHS = (
					"$(inherited)",
					"@executable_path/Frameworks",
				);
				PRODUCT_BUNDLE_IDENTIFIER = com.risinggalaxy.Magic8Ball;
				PRODUCT_NAME = "$(TARGET_NAME)";
				PROVISIONING_PROFILE_SPECIFIER = "";
				SWIFT_VERSION = 5.0;
				TARGETED_DEVICE_FAMILY = "1,2";
			};
			name = Release;
		};
/* End XCBuildConfiguration section */

/* Begin XCConfigurationList section */
		7329BA682590FF7100C782B7 /* Build configuration list for PBXProject "Magic8Ball" */ = {
			isa = XCConfigurationList;
			buildConfigurations = (
				7329BA822590FF7200C782B7 /* Debug */,
				7329BA832590FF7200C782B7 /* Release */,
			);
			defaultConfigurationIsVisible = 0;
			defaultConfigurationName = Release;
		};
		7329BA842590FF7200C782B7 /* Build configuration list for PBXNativeTarget "Magic8Ball" */ = {
			isa = XCConfigurationList;
			buildConfigurations = (
				7329BA852590FF7200C782B7 /* Debug */,
				7329BA862590FF7200C782B7 /* Release */,
			);
			defaultConfigurationIsVisible = 0;
			defaultConfigurationName = Release;
		};
/* End XCConfigurationList section */

/* Begin XCVersionGroup section */
		7329BA792590FF7100C782B7 /* Magic8Ball.xcdatamodeld */ = {
			isa = XCVersionGroup;
			children = (
				7329BA7A2590FF7100C782B7 /* Magic8Ball.xcdatamodel */,
			);
			currentVersion = 7329BA7A2590FF7100C782B7 /* Magic8Ball.xcdatamodel */;
			path = Magic8Ball.xcdatamodeld;
			sourceTree = "<group>";
			versionGroupType = wrapper.xcdatamodel;
		};
/* End XCVersionGroup section */
	};
	rootObject = 7329BA652590FF7100C782B7 /* Project object */;
}
